
Microsoft Visual Studio Solution File, Format Version 12.00
# Visual Studio Version 17
VisualStudioVersion = 17.14.36518.9 d17.14
MinimumVisualStudioVersion = 10.0.40219.1
Project("{FAE04EC0-301F-11D3-BF4B-00C04F79EFBC}") = "examer", "examer\examer.csproj", "{AABDB708-C1D7-44A9-9380-518BCDA6C038}"
EndProject
Global
	GlobalSection(SolutionConfigurationPlatforms) = preSolution
		Debug|Any CPU = Debug|Any CPU
		Release|Any CPU = Release|Any CPU
	EndGlobalSection
	GlobalSection(ProjectConfigurationPlatforms) = postSolution
		{AABDB708-C1D7-44A9-9380-518BCDA6C038}.Debug|Any CPU.ActiveCfg = Debug|Any CPU
		{AABDB708-C1D7-44A9-9380-518BCDA6C038}.Debug|Any CPU.Build.0 = Debug|Any CPU
		{AABDB708-C1D7-44A9-9380-518BCDA6C038}.Release|Any CPU.ActiveCfg = Release|Any CPU
		{AABDB708-C1D7-44A9-9380-518BCDA6C038}.Release|Any CPU.Build.0 = Release|Any CPU
	EndGlobalSection
	GlobalSection(SolutionProperties) = preSolution
		HideSolutionNode = FALSE
	EndGlobalSection
	GlobalSection(ExtensibilityGlobals) = postSolution
		SolutionGuid = {AB22B2B3-AA8A-4C82-A7D5-96929B4C6497}
	EndGlobalSection
EndGlobal
